
Microsoft Visual Studio Solution File, Format Version 12.00
# Visual Studio Version 16
VisualStudioVersion = 16.0.30114.105
MinimumVisualStudioVersion = 10.0.40219.1
Project("{FAE04EC0-301F-11D3-BF4B-00C04F79EFBC}") = "AlphaEventos.Application", "AlphaEventos.Application\AlphaEventos.Application.csproj", "{4933218C-52F9-43AE-88A4-D161B932CC8A}"
EndProject
Project("{FAE04EC0-301F-11D3-BF4B-00C04F79EFBC}") = "AlphaEventos.Persistence", "AlphaEventos.Persistence\AlphaEventos.Persistence.csproj", "{85E51C40-2B03-4647-AF8F-232BE71341D8}"
EndProject
Project("{FAE04EC0-301F-11D3-BF4B-00C04F79EFBC}") = "AlphaEventos.Domain", "AlphaEventos.Domain\AlphaEventos.Domain.csproj", "{84C6505B-6D3C-4656-B075-767017D74F04}"
EndProject
Project("{FAE04EC0-301F-11D3-BF4B-00C04F79EFBC}") = "AlphaEventos.Api", "AlphaEventos.Api\AlphaEventos.Api.csproj", "{338592B0-0D04-4595-B969-5114677444D0}"
EndProject
Global
	GlobalSection(SolutionConfigurationPlatforms) = preSolution
		Debug|Any CPU = Debug|Any CPU
		Debug|x64 = Debug|x64
		Debug|x86 = Debug|x86
		Release|Any CPU = Release|Any CPU
		Release|x64 = Release|x64
		Release|x86 = Release|x86
	EndGlobalSection
	GlobalSection(SolutionProperties) = preSolution
		HideSolutionNode = FALSE
	EndGlobalSection
	GlobalSection(ProjectConfigurationPlatforms) = postSolution
		{4933218C-52F9-43AE-88A4-D161B932CC8A}.Debug|Any CPU.ActiveCfg = Debug|Any CPU
		{4933218C-52F9-43AE-88A4-D161B932CC8A}.Debug|Any CPU.Build.0 = Debug|Any CPU
		{4933218C-52F9-43AE-88A4-D161B932CC8A}.Debug|x64.ActiveCfg = Debug|Any CPU
		{4933218C-52F9-43AE-88A4-D161B932CC8A}.Debug|x64.Build.0 = Debug|Any CPU
		{4933218C-52F9-43AE-88A4-D161B932CC8A}.Debug|x86.ActiveCfg = Debug|Any CPU
		{4933218C-52F9-43AE-88A4-D161B932CC8A}.Debug|x86.Build.0 = Debug|Any CPU
		{4933218C-52F9-43AE-88A4-D161B932CC8A}.Release|Any CPU.ActiveCfg = Release|Any CPU
		{4933218C-52F9-43AE-88A4-D161B932CC8A}.Release|Any CPU.Build.0 = Release|Any CPU
		{4933218C-52F9-43AE-88A4-D161B932CC8A}.Release|x64.ActiveCfg = Release|Any CPU
		{4933218C-52F9-43AE-88A4-D161B932CC8A}.Release|x64.Build.0 = Release|Any CPU
		{4933218C-52F9-43AE-88A4-D161B932CC8A}.Release|x86.ActiveCfg = Release|Any CPU
		{4933218C-52F9-43AE-88A4-D161B932CC8A}.Release|x86.Build.0 = Release|Any CPU
		{85E51C40-2B03-4647-AF8F-232BE71341D8}.Debug|Any CPU.ActiveCfg = Debug|Any CPU
		{85E51C40-2B03-4647-AF8F-232BE71341D8}.Debug|Any CPU.Build.0 = Debug|Any CPU
		{85E51C40-2B03-4647-AF8F-232BE71341D8}.Debug|x64.ActiveCfg = Debug|Any CPU
		{85E51C40-2B03-4647-AF8F-232BE71341D8}.Debug|x64.Build.0 = Debug|Any CPU
		{85E51C40-2B03-4647-AF8F-232BE71341D8}.Debug|x86.ActiveCfg = Debug|Any CPU
		{85E51C40-2B03-4647-AF8F-232BE71341D8}.Debug|x86.Build.0 = Debug|Any CPU
		{85E51C40-2B03-4647-AF8F-232BE71341D8}.Release|Any CPU.ActiveCfg = Release|Any CPU
		{85E51C40-2B03-4647-AF8F-232BE71341D8}.Release|Any CPU.Build.0 = Release|Any CPU
		{85E51C40-2B03-4647-AF8F-232BE71341D8}.Release|x64.ActiveCfg = Release|Any CPU
		{85E51C40-2B03-4647-AF8F-232BE71341D8}.Release|x64.Build.0 = Release|Any CPU
		{85E51C40-2B03-4647-AF8F-232BE71341D8}.Release|x86.ActiveCfg = Release|Any CPU
		{85E51C40-2B03-4647-AF8F-232BE71341D8}.Release|x86.Build.0 = Release|Any CPU
		{84C6505B-6D3C-4656-B075-767017D74F04}.Debug|Any CPU.ActiveCfg = Debug|Any CPU
		{84C6505B-6D3C-4656-B075-767017D74F04}.Debug|Any CPU.Build.0 = Debug|Any CPU
		{84C6505B-6D3C-4656-B075-767017D74F04}.Debug|x64.ActiveCfg = Debug|Any CPU
		{84C6505B-6D3C-4656-B075-767017D74F04}.Debug|x64.Build.0 = Debug|Any CPU
		{84C6505B-6D3C-4656-B075-767017D74F04}.Debug|x86.ActiveCfg = Debug|Any CPU
		{84C6505B-6D3C-4656-B075-767017D74F04}.Debug|x86.Build.0 = Debug|Any CPU
		{84C6505B-6D3C-4656-B075-767017D74F04}.Release|Any CPU.ActiveCfg = Release|Any CPU
		{84C6505B-6D3C-4656-B075-767017D74F04}.Release|Any CPU.Build.0 = Release|Any CPU
		{84C6505B-6D3C-4656-B075-767017D74F04}.Release|x64.ActiveCfg = Release|Any CPU
		{84C6505B-6D3C-4656-B075-767017D74F04}.Release|x64.Build.0 = Release|Any CPU
		{84C6505B-6D3C-4656-B075-767017D74F04}.Release|x86.ActiveCfg = Release|Any CPU
		{84C6505B-6D3C-4656-B075-767017D74F04}.Release|x86.Build.0 = Release|Any CPU
		{338592B0-0D04-4595-B969-5114677444D0}.Debug|Any CPU.ActiveCfg = Debug|Any CPU
		{338592B0-0D04-4595-B969-5114677444D0}.Debug|Any CPU.Build.0 = Debug|Any CPU
		{338592B0-0D04-4595-B969-5114677444D0}.Debug|x64.ActiveCfg = Debug|Any CPU
		{338592B0-0D04-4595-B969-5114677444D0}.Debug|x64.Build.0 = Debug|Any CPU
		{338592B0-0D04-4595-B969-5114677444D0}.Debug|x86.ActiveCfg = Debug|Any CPU
		{338592B0-0D04-4595-B969-5114677444D0}.Debug|x86.Build.0 = Debug|Any CPU
		{338592B0-0D04-4595-B969-5114677444D0}.Release|Any CPU.ActiveCfg = Release|Any CPU
		{338592B0-0D04-4595-B969-5114677444D0}.Release|Any CPU.Build.0 = Release|Any CPU
		{338592B0-0D04-4595-B969-5114677444D0}.Release|x64.ActiveCfg = Release|Any CPU
		{338592B0-0D04-4595-B969-5114677444D0}.Release|x64.Build.0 = Release|Any CPU
		{338592B0-0D04-4595-B969-5114677444D0}.Release|x86.ActiveCfg = Release|Any CPU
		{338592B0-0D04-4595-B969-5114677444D0}.Release|x86.Build.0 = Release|Any CPU
	EndGlobalSection
EndGlobal
